
Microsoft Visual Studio Solution File, Format Version 12.00
# Visual Studio 2012
Project("{FAE04EC0-301F-11D3-BF4B-00C04F79EFBC}") = "ResourceFormatCreater", "ResourceFormatCreater\ResourceFormatCreater.csproj", "{397F61CD-7A63-46BC-AE22-B2C8A342F8CD}"
EndProject
Global
	GlobalSection(SolutionConfigurationPlatforms) = preSolution
		Debug|Any CPU = Debug|Any CPU
		Release|Any CPU = Release|Any CPU
	EndGlobalSection
	GlobalSection(ProjectConfigurationPlatforms) = postSolution
		{397F61CD-7A63-46BC-AE22-B2C8A342F8CD}.Debug|Any CPU.ActiveCfg = Debug|Any CPU
		{397F61CD-7A63-46BC-AE22-B2C8A342F8CD}.Debug|Any CPU.Build.0 = Debug|Any CPU
		{397F61CD-7A63-46BC-AE22-B2C8A342F8CD}.Release|Any CPU.ActiveCfg = Release|Any CPU
		{397F61CD-7A63-46BC-AE22-B2C8A342F8CD}.Release|Any CPU.Build.0 = Release|Any CPU
	EndGlobalSection
	GlobalSection(SolutionProperties) = preSolution
		HideSolutionNode = FALSE
	EndGlobalSection
EndGlobal
